
Microsoft Visual Studio Solution File, Format Version 12.00
# Visual Studio 15
VisualStudioVersion = 15.0.27130.2036
MinimumVisualStudioVersion = 10.0.40219.1
Project("{FAE04EC0-301F-11D3-BF4B-00C04F79EFBC}") = "Lab_7", "Lab_7\Lab_7.csproj", "{60F66008-124D-4DBA-9E65-BA362EE1DB5E}"
EndProject
Global
	GlobalSection(SolutionConfigurationPlatforms) = preSolution
		Debug|Any CPU = Debug|Any CPU
		Release|Any CPU = Release|Any CPU
	EndGlobalSection
	GlobalSection(ProjectConfigurationPlatforms) = postSolution
		{60F66008-124D-4DBA-9E65-BA362EE1DB5E}.Debug|Any CPU.ActiveCfg = Debug|Any CPU
		{60F66008-124D-4DBA-9E65-BA362EE1DB5E}.Debug|Any CPU.Build.0 = Debug|Any CPU
		{60F66008-124D-4DBA-9E65-BA362EE1DB5E}.Release|Any CPU.ActiveCfg = Release|Any CPU
		{60F66008-124D-4DBA-9E65-BA362EE1DB5E}.Release|Any CPU.Build.0 = Release|Any CPU
	EndGlobalSection
	GlobalSection(SolutionProperties) = preSolution
		HideSolutionNode = FALSE
	EndGlobalSection
	GlobalSection(ExtensibilityGlobals) = postSolution
		SolutionGuid = {870239BE-3234-432E-801F-D74F6C8188CB}
	EndGlobalSection
EndGlobal
